{
  "nodes": {
    "nixpkgs": {
      "locked": {
        "lastModified": 1746904237,
        "narHash": "sha256-3e+AVBczosP5dCLQmMoMEogM57gmZ2qrVSrmq9aResQ=",
        "rev": "d89fc19e405cb2d55ce7cc114356846a0ee5e956",
        "revCount": 797896,
        "type": "tarball",
        "url": "https://api.flakehub.com/f/pinned/NixOS/nixpkgs/0.1.797896%2Brev-d89fc19e405cb2d55ce7cc114356846a0ee5e956/0196c1a7-7ad3-74a9-9d50-1b854aca6d6c/source.tar.gz?rev=d89fc19e405cb2d55ce7cc114356846a0ee5e956&revCount=797896"
      },
      "original": {
        "type": "tarball",
        "url": "https://flakehub.com/f/NixOS/nixpkgs/0.1"
      }
    },
    "root": {
      "inputs": {
        "nixpkgs": "nixpkgs",
        "rust-overlay": "rust-overlay"
      }
    },
    "rust-overlay": {
      "inputs": {
        "nixpkgs": [
          "nixpkgs"
        ]
      },
      "locked": {
        "lastModified": 1747103809,
        "narHash": "sha256-a3Yk+CoFmNw7V8J/si/AM8WuI/qTxQhiJpuQ7HFl774=",
        "owner": "oxalica",
        "repo": "rust-overlay",
        "rev": "fe36c63649875f391949e8b2ec33949d0cd8aa95",
        "type": "github"
      },
      "original": {
        "owner": "oxalica",
        "repo": "rust-overlay",
        "type": "github"
      }
    }
  },
  "root": "root",
  "version": 7
}
